
Microsoft Visual Studio Solution File, Format Version 12.00
# Visual Studio 15
VisualStudioVersion = 15.0.28307.168
MinimumVisualStudioVersion = 10.0.40219.1
Project("{FAE04EC0-301F-11D3-BF4B-00C04F79EFBC}") = "lab3", "lab3\lab3.csproj", "{29A946A0-B2BF-4547-B46B-D94A60B13BD2}"
EndProject
Global
	GlobalSection(SolutionConfigurationPlatforms) = preSolution
		Debug|Any CPU = Debug|Any CPU
		Release|Any CPU = Release|Any CPU
	EndGlobalSection
	GlobalSection(ProjectConfigurationPlatforms) = postSolution
		{29A946A0-B2BF-4547-B46B-D94A60B13BD2}.Debug|Any CPU.ActiveCfg = Debug|Any CPU
		{29A946A0-B2BF-4547-B46B-D94A60B13BD2}.Debug|Any CPU.Build.0 = Debug|Any CPU
		{29A946A0-B2BF-4547-B46B-D94A60B13BD2}.Release|Any CPU.ActiveCfg = Release|Any CPU
		{29A946A0-B2BF-4547-B46B-D94A60B13BD2}.Release|Any CPU.Build.0 = Release|Any CPU
	EndGlobalSection
	GlobalSection(SolutionProperties) = preSolution
		HideSolutionNode = FALSE
	EndGlobalSection
	GlobalSection(ExtensibilityGlobals) = postSolution
		SolutionGuid = {6B5B8ABC-C306-4E91-9821-CD0EF40827D7}
	EndGlobalSection
EndGlobal
